
Microsoft Visual Studio Solution File, Format Version 12.00
# Visual Studio Version 17
VisualStudioVersion = 17.0.31611.283
MinimumVisualStudioVersion = 10.0.40219.1
Project("{9A19103F-16F7-4668-BE54-9A1E7A4F7556}") = "ChatClient", "ChatClient\ChatClient.csproj", "{3D2CA73A-A338-4367-AB64-337B0ED3D7F6}"
EndProject
Project("{9A19103F-16F7-4668-BE54-9A1E7A4F7556}") = "ChatServer", "ChatServer\ChatServer.csproj", "{BA06EDFD-F949-41A9-ADDA-BC4F14018EB7}"
EndProject
Project("{9A19103F-16F7-4668-BE54-9A1E7A4F7556}") = "Communications", "Communications\Communications.csproj", "{5C2F3473-AA37-4033-8FDB-36C3954DF448}"
EndProject
Project("{9A19103F-16F7-4668-BE54-9A1E7A4F7556}") = "FileLogger", "FileLogger\FileLogger.csproj", "{9E630353-2925-41AA-9B06-BD023FD48D81}"
EndProject
Project("{2150E333-8FDC-42A3-9474-1A3956D46DE8}") = "Library", "Library", "{FFB4EE53-1749-4445-BF61-D8EC905EA9FB}"
	ProjectSection(SolutionItems) = preProject
		..\..\..\..\Downloads\Communications.dll = ..\..\..\..\Downloads\Communications.dll
		..\..\..\..\Downloads\Communications.xml = ..\..\..\..\Downloads\Communications.xml
	EndProjectSection
EndProject
Global
	GlobalSection(SolutionConfigurationPlatforms) = preSolution
		Debug|Any CPU = Debug|Any CPU
		Release|Any CPU = Release|Any CPU
	EndGlobalSection
	GlobalSection(ProjectConfigurationPlatforms) = postSolution
		{3D2CA73A-A338-4367-AB64-337B0ED3D7F6}.Debug|Any CPU.ActiveCfg = Debug|Any CPU
		{3D2CA73A-A338-4367-AB64-337B0ED3D7F6}.Debug|Any CPU.Build.0 = Debug|Any CPU
		{3D2CA73A-A338-4367-AB64-337B0ED3D7F6}.Debug|Any CPU.Deploy.0 = Debug|Any CPU
		{3D2CA73A-A338-4367-AB64-337B0ED3D7F6}.Release|Any CPU.ActiveCfg = Release|Any CPU
		{3D2CA73A-A338-4367-AB64-337B0ED3D7F6}.Release|Any CPU.Build.0 = Release|Any CPU
		{3D2CA73A-A338-4367-AB64-337B0ED3D7F6}.Release|Any CPU.Deploy.0 = Release|Any CPU
		{BA06EDFD-F949-41A9-ADDA-BC4F14018EB7}.Debug|Any CPU.ActiveCfg = Debug|Any CPU
		{BA06EDFD-F949-41A9-ADDA-BC4F14018EB7}.Debug|Any CPU.Build.0 = Debug|Any CPU
		{BA06EDFD-F949-41A9-ADDA-BC4F14018EB7}.Debug|Any CPU.Deploy.0 = Debug|Any CPU
		{BA06EDFD-F949-41A9-ADDA-BC4F14018EB7}.Release|Any CPU.ActiveCfg = Release|Any CPU
		{BA06EDFD-F949-41A9-ADDA-BC4F14018EB7}.Release|Any CPU.Build.0 = Release|Any CPU
		{BA06EDFD-F949-41A9-ADDA-BC4F14018EB7}.Release|Any CPU.Deploy.0 = Release|Any CPU
		{5C2F3473-AA37-4033-8FDB-36C3954DF448}.Debug|Any CPU.ActiveCfg = Debug|Any CPU
		{5C2F3473-AA37-4033-8FDB-36C3954DF448}.Debug|Any CPU.Build.0 = Debug|Any CPU
		{5C2F3473-AA37-4033-8FDB-36C3954DF448}.Release|Any CPU.ActiveCfg = Release|Any CPU
		{5C2F3473-AA37-4033-8FDB-36C3954DF448}.Release|Any CPU.Build.0 = Release|Any CPU
		{9E630353-2925-41AA-9B06-BD023FD48D81}.Debug|Any CPU.ActiveCfg = Debug|Any CPU
		{9E630353-2925-41AA-9B06-BD023FD48D81}.Debug|Any CPU.Build.0 = Debug|Any CPU
		{9E630353-2925-41AA-9B06-BD023FD48D81}.Release|Any CPU.ActiveCfg = Release|Any CPU
		{9E630353-2925-41AA-9B06-BD023FD48D81}.Release|Any CPU.Build.0 = Release|Any CPU
	EndGlobalSection
	GlobalSection(SolutionProperties) = preSolution
		HideSolutionNode = FALSE
	EndGlobalSection
	GlobalSection(ExtensibilityGlobals) = postSolution
		SolutionGuid = {61F7FB11-1E47-470C-91E2-47F8143E1572}
	EndGlobalSection
EndGlobal
